// !$*UTF8*$!
{
	archiveVersion = 1;
	classes = {
	};
	objectVersion = 51;
	objects = {

/* Begin PBXBuildFile section */
		31B2554A8D6A25321226E4CD /* Pods_testInsertionsTests.framework in Frameworks */ = {isa = PBXBuildFile; fileRef = 78DC4ADF3E80E0C0E0F82AF4 /* Pods_testInsertionsTests.framework */; };
		5B5B1E9468E06FB2082B07D6 /* Pods_testInsertions_testInsertionsUITests.framework in Frameworks */ = {isa = PBXBuildFile; fileRef = 3706CC89D174B0084A71F8AF /* Pods_testInsertions_testInsertionsUITests.framework */; };
		D1247A46261612FB00A33CD6 /* AppDelegate.swift in Sources */ = {isa = PBXBuildFile; fileRef = D1247A45261612FB00A33CD6 /* AppDelegate.swift */; };
		D1247A48261612FB00A33CD6 /* SceneDelegate.swift in Sources */ = {isa = PBXBuildFile; fileRef = D1247A47261612FB00A33CD6 /* SceneDelegate.swift */; };
		D1247A4A261612FB00A33CD6 /* ViewController.swift in Sources */ = {isa = PBXBuildFile; fileRef = D1247A49261612FB00A33CD6 /* ViewController.swift */; };
		D1247A4D261612FB00A33CD6 /* Main.storyboard in Resources */ = {isa = PBXBuildFile; fileRef = D1247A4B261612FB00A33CD6 /* Main.storyboard */; };
		D1247A52261612FC00A33CD6 /* Assets.xcassets in Resources */ = {isa = PBXBuildFile; fileRef = D1247A51261612FC00A33CD6 /* Assets.xcassets */; };
		D1247A55261612FC00A33CD6 /* LaunchScreen.storyboard in Resources */ = {isa = PBXBuildFile; fileRef = D1247A53261612FC00A33CD6 /* LaunchScreen.storyboard */; };
		D1247A60261612FC00A33CD6 /* testInsertionsTests.swift in Sources */ = {isa = PBXBuildFile; fileRef = D1247A5F261612FC00A33CD6 /* testInsertionsTests.swift */; };
		D1247A6B261612FC00A33CD6 /* testInsertionsUITests.swift in Sources */ = {isa = PBXBuildFile; fileRef = D1247A6A261612FC00A33CD6 /* testInsertionsUITests.swift */; };
		D1247A8A261619EB00A33CD6 /* insertionsDB.sqlite in Resources */ = {isa = PBXBuildFile; fileRef = D1247A862616144100A33CD6 /* insertionsDB.sqlite */; };
		D1B56C6B261C5BA300F50CED /* insertionsDBcipher4.sqlite in Resources */ = {isa = PBXBuildFile; fileRef = D1B56C6A261C5BA300F50CED /* insertionsDBcipher4.sqlite */; };
		DA19FDCAD679289EC94DE316 /* Pods_testInsertions.framework in Frameworks */ = {isa = PBXBuildFile; fileRef = 6A052223E24D7C7FA9BDBAD1 /* Pods_testInsertions.framework */; };
/* End PBXBuildFile section */

/* Begin PBXContainerItemProxy section */
		D1247A5C261612FC00A33CD6 /* PBXContainerItemProxy */ = {
			isa = PBXContainerItemProxy;
			containerPortal = D1247A3A261612FB00A33CD6 /* Project object */;
			proxyType = 1;
			remoteGlobalIDString = D1247A41261612FB00A33CD6;
			remoteInfo = testInsertions;
		};
		D1247A67261612FC00A33CD6 /* PBXContainerItemProxy */ = {
			isa = PBXContainerItemProxy;
			containerPortal = D1247A3A261612FB00A33CD6 /* Project object */;
			proxyType = 1;
			remoteGlobalIDString = D1247A41261612FB00A33CD6;
			remoteInfo = testInsertions;
		};
/* End PBXContainerItemProxy section */

/* Begin PBXFileReference section */
		21AE210597EFFDB24EA7DA77 /* Pods-testInsertions-testInsertionsUITests.debug.xcconfig */ = {isa = PBXFileReference; includeInIndex = 1; lastKnownFileType = text.xcconfig; name = "Pods-testInsertions-testInsertionsUITests.debug.xcconfig"; path = "Target Support Files/Pods-testInsertions-testInsertionsUITests/Pods-testInsertions-testInsertionsUITests.debug.xcconfig"; sourceTree = "<group>"; };
		2C417113D5545D0A2A193FA6 /* Pods-testInsertions.debug.xcconfig */ = {isa = PBXFileReference; includeInIndex = 1; lastKnownFileType = text.xcconfig; name = "Pods-testInsertions.debug.xcconfig"; path = "Target Support Files/Pods-testInsertions/Pods-testInsertions.debug.xcconfig"; sourceTree = "<group>"; };
		3706CC89D174B0084A71F8AF /* Pods_testInsertions_testInsertionsUITests.framework */ = {isa = PBXFileReference; explicitFileType = wrapper.framework; includeInIndex = 0; path = Pods_testInsertions_testInsertionsUITests.framework; sourceTree = BUILT_PRODUCTS_DIR; };
		54C7F05A16CA547B1BF2A377 /* Pods-testInsertions.release.xcconfig */ = {isa = PBXFileReference; includeInIndex = 1; lastKnownFileType = text.xcconfig; name = "Pods-testInsertions.release.xcconfig"; path = "Target Support Files/Pods-testInsertions/Pods-testInsertions.release.xcconfig"; sourceTree = "<group>"; };
		67E3FAEADB75D44F02F735DD /* Pods-testInsertions-testInsertionsUITests.release.xcconfig */ = {isa = PBXFileReference; includeInIndex = 1; lastKnownFileType = text.xcconfig; name = "Pods-testInsertions-testInsertionsUITests.release.xcconfig"; path = "Target Support Files/Pods-testInsertions-testInsertionsUITests/Pods-testInsertions-testInsertionsUITests.release.xcconfig"; sourceTree = "<group>"; };
		6A052223E24D7C7FA9BDBAD1 /* Pods_testInsertions.framework */ = {isa = PBXFileReference; explicitFileType = wrapper.framework; includeInIndex = 0; path = Pods_testInsertions.framework; sourceTree = BUILT_PRODUCTS_DIR; };
		78DC4ADF3E80E0C0E0F82AF4 /* Pods_testInsertionsTests.framework */ = {isa = PBXFileReference; explicitFileType = wrapper.framework; includeInIndex = 0; path = Pods_testInsertionsTests.framework; sourceTree = BUILT_PRODUCTS_DIR; };
		7AF935495FD9CFC871A2CB54 /* Pods-testInsertionsTests.release.xcconfig */ = {isa = PBXFileReference; includeInIndex = 1; lastKnownFileType = text.xcconfig; name = "Pods-testInsertionsTests.release.xcconfig"; path = "Target Support Files/Pods-testInsertionsTests/Pods-testInsertionsTests.release.xcconfig"; sourceTree = "<group>"; };
		D1247A42261612FB00A33CD6 /* testInsertions.app */ = {isa = PBXFileReference; explicitFileType = wrapper.application; includeInIndex = 0; path = testInsertions.app; sourceTree = BUILT_PRODUCTS_DIR; };
		D1247A45261612FB00A33CD6 /* AppDelegate.swift */ = {isa = PBXFileReference; lastKnownFileType = sourcecode.swift; path = AppDelegate.swift; sourceTree = "<group>"; };
		D1247A47261612FB00A33CD6 /* SceneDelegate.swift */ = {isa = PBXFileReference; lastKnownFileType = sourcecode.swift; path = SceneDelegate.swift; sourceTree = "<group>"; };
		D1247A49261612FB00A33CD6 /* ViewController.swift */ = {isa = PBXFileReference; lastKnownFileType = sourcecode.swift; path = ViewController.swift; sourceTree = "<group>"; };
		D1247A4C261612FB00A33CD6 /* Base */ = {isa = PBXFileReference; lastKnownFileType = file.storyboard; name = Base; path = Base.lproj/Main.storyboard; sourceTree = "<group>"; };
		D1247A51261612FC00A33CD6 /* Assets.xcassets */ = {isa = PBXFileReference; lastKnownFileType = folder.assetcatalog; path = Assets.xcassets; sourceTree = "<group>"; };
		D1247A54261612FC00A33CD6 /* Base */ = {isa = PBXFileReference; lastKnownFileType = file.storyboard; name = Base; path = Base.lproj/LaunchScreen.storyboard; sourceTree = "<group>"; };
		D1247A56261612FC00A33CD6 /* Info.plist */ = {isa = PBXFileReference; lastKnownFileType = text.plist.xml; path = Info.plist; sourceTree = "<group>"; };
		D1247A5B261612FC00A33CD6 /* testInsertionsTests.xctest */ = {isa = PBXFileReference; explicitFileType = wrapper.cfbundle; includeInIndex = 0; path = testInsertionsTests.xctest; sourceTree = BUILT_PRODUCTS_DIR; };
		D1247A5F261612FC00A33CD6 /* testInsertionsTests.swift */ = {isa = PBXFileReference; lastKnownFileType = sourcecode.swift; path = testInsertionsTests.swift; sourceTree = "<group>"; };
		D1247A61261612FC00A33CD6 /* Info.plist */ = {isa = PBXFileReference; lastKnownFileType = text.plist.xml; path = Info.plist; sourceTree = "<group>"; };
		D1247A66261612FC00A33CD6 /* testInsertionsUITests.xctest */ = {isa = PBXFileReference; explicitFileType = wrapper.cfbundle; includeInIndex = 0; path = testInsertionsUITests.xctest; sourceTree = BUILT_PRODUCTS_DIR; };
		D1247A6A261612FC00A33CD6 /* testInsertionsUITests.swift */ = {isa = PBXFileReference; lastKnownFileType = sourcecode.swift; path = testInsertionsUITests.swift; sourceTree = "<group>"; };
		D1247A6C261612FC00A33CD6 /* Info.plist */ = {isa = PBXFileReference; lastKnownFileType = text.plist.xml; path = Info.plist; sourceTree = "<group>"; };
		D1247A862616144100A33CD6 /* insertionsDB.sqlite */ = {isa = PBXFileReference; lastKnownFileType = file; path = insertionsDB.sqlite; sourceTree = SOURCE_ROOT; };
		D1B56C6A261C5BA300F50CED /* insertionsDBcipher4.sqlite */ = {isa = PBXFileReference; lastKnownFileType = file; path = insertionsDBcipher4.sqlite; sourceTree = SOURCE_ROOT; };
		EAF2226DABEB7C8072601811 /* Pods-testInsertionsTests.debug.xcconfig */ = {isa = PBXFileReference; includeInIndex = 1; lastKnownFileType = text.xcconfig; name = "Pods-testInsertionsTests.debug.xcconfig"; path = "Target Support Files/Pods-testInsertionsTests/Pods-testInsertionsTests.debug.xcconfig"; sourceTree = "<group>"; };
/* End PBXFileReference section */

/* Begin PBXFrameworksBuildPhase section */
		D1247A3F261612FB00A33CD6 /* Frameworks */ = {
			isa = PBXFrameworksBuildPhase;
			buildActionMask = 2147483647;
			files = (
				DA19FDCAD679289EC94DE316 /* Pods_testInsertions.framework in Frameworks */,
			);
			runOnlyForDeploymentPostprocessing = 0;
		};
		D1247A58261612FC00A33CD6 /* Frameworks */ = {
			isa = PBXFrameworksBuildPhase;
			buildActionMask = 2147483647;
			files = (
				31B2554A8D6A25321226E4CD /* Pods_testInsertionsTests.framework in Frameworks */,
			);
			runOnlyForDeploymentPostprocessing = 0;
		};
		D1247A63261612FC00A33CD6 /* Frameworks */ = {
			isa = PBXFrameworksBuildPhase;
			buildActionMask = 2147483647;
			files = (
				5B5B1E9468E06FB2082B07D6 /* Pods_testInsertions_testInsertionsUITests.framework in Frameworks */,
			);
			runOnlyForDeploymentPostprocessing = 0;
		};
/* End PBXFrameworksBuildPhase section */

/* Begin PBXGroup section */
		9ACE6C8131BBA27F0D99C0F6 /* Frameworks */ = {
			isa = PBXGroup;
			children = (
				6A052223E24D7C7FA9BDBAD1 /* Pods_testInsertions.framework */,
				3706CC89D174B0084A71F8AF /* Pods_testInsertions_testInsertionsUITests.framework */,
				78DC4ADF3E80E0C0E0F82AF4 /* Pods_testInsertionsTests.framework */,
			);
			name = Frameworks;
			sourceTree = "<group>";
		};
		B3EDC6C59AAF9EB16119489C /* Pods */ = {
			isa = PBXGroup;
			children = (
				2C417113D5545D0A2A193FA6 /* Pods-testInsertions.debug.xcconfig */,
				54C7F05A16CA547B1BF2A377 /* Pods-testInsertions.release.xcconfig */,
				21AE210597EFFDB24EA7DA77 /* Pods-testInsertions-testInsertionsUITests.debug.xcconfig */,
				67E3FAEADB75D44F02F735DD /* Pods-testInsertions-testInsertionsUITests.release.xcconfig */,
				EAF2226DABEB7C8072601811 /* Pods-testInsertionsTests.debug.xcconfig */,
				7AF935495FD9CFC871A2CB54 /* Pods-testInsertionsTests.release.xcconfig */,
			);
			path = Pods;
			sourceTree = "<group>";
		};
		D1247A39261612FB00A33CD6 = {
			isa = PBXGroup;
			children = (
				D1247A44261612FB00A33CD6 /* testInsertions */,
				D1247A5E261612FC00A33CD6 /* testInsertionsTests */,
				D1247A69261612FC00A33CD6 /* testInsertionsUITests */,
				D1247A43261612FB00A33CD6 /* Products */,
				B3EDC6C59AAF9EB16119489C /* Pods */,
				9ACE6C8131BBA27F0D99C0F6 /* Frameworks */,
			);
			sourceTree = "<group>";
		};
		D1247A43261612FB00A33CD6 /* Products */ = {
			isa = PBXGroup;
			children = (
				D1247A42261612FB00A33CD6 /* testInsertions.app */,
				D1247A5B261612FC00A33CD6 /* testInsertionsTests.xctest */,
				D1247A66261612FC00A33CD6 /* testInsertionsUITests.xctest */,
			);
			name = Products;
			sourceTree = "<group>";
		};
		D1247A44261612FB00A33CD6 /* testInsertions */ = {
			isa = PBXGroup;
			children = (
				D1247A45261612FB00A33CD6 /* AppDelegate.swift */,
				D1247A47261612FB00A33CD6 /* SceneDelegate.swift */,
				D1247A49261612FB00A33CD6 /* ViewController.swift */,
				D1247A4B261612FB00A33CD6 /* Main.storyboard */,
				D1247A51261612FC00A33CD6 /* Assets.xcassets */,
				D1247A53261612FC00A33CD6 /* LaunchScreen.storyboard */,
				D1247A56261612FC00A33CD6 /* Info.plist */,
				D1247A862616144100A33CD6 /* insertionsDB.sqlite */,
				D1B56C6A261C5BA300F50CED /* insertionsDBcipher4.sqlite */,
			);
			path = testInsertions;
			sourceTree = "<group>";
		};
		D1247A5E261612FC00A33CD6 /* testInsertionsTests */ = {
			isa = PBXGroup;
			children = (
				D1247A5F261612FC00A33CD6 /* testInsertionsTests.swift */,
				D1247A61261612FC00A33CD6 /* Info.plist */,
			);
			path = testInsertionsTests;
			sourceTree = "<group>";
		};
		D1247A69261612FC00A33CD6 /* testInsertionsUITests */ = {
			isa = PBXGroup;
			children = (
				D1247A6A261612FC00A33CD6 /* testInsertionsUITests.swift */,
				D1247A6C261612FC00A33CD6 /* Info.plist */,
			);
			path = testInsertionsUITests;
			sourceTree = "<group>";
		};
/* End PBXGroup section */

/* Begin PBXNativeTarget section */
		D1247A41261612FB00A33CD6 /* testInsertions */ = {
			isa = PBXNativeTarget;
			buildConfigurationList = D1247A6F261612FC00A33CD6 /* Build configuration list for PBXNativeTarget "testInsertions" */;
			buildPhases = (
				361218F498C0220BEFC2ECFD /* [CP] Check Pods Manifest.lock */,
				D1247A3E261612FB00A33CD6 /* Sources */,
				D1247A3F261612FB00A33CD6 /* Frameworks */,
				D1247A40261612FB00A33CD6 /* Resources */,
				1950373FE7F1F8B493A74443 /* [CP] Embed Pods Frameworks */,
			);
			buildRules = (
			);
			dependencies = (
			);
			name = testInsertions;
			productName = testInsertions;
			productReference = D1247A42261612FB00A33CD6 /* testInsertions.app */;
			productType = "com.apple.product-type.application";
		};
		D1247A5A261612FC00A33CD6 /* testInsertionsTests */ = {
			isa = PBXNativeTarget;
			buildConfigurationList = D1247A72261612FC00A33CD6 /* Build configuration list for PBXNativeTarget "testInsertionsTests" */;
			buildPhases = (
				09E1DAED11E3D2A5AB37C37B /* [CP] Check Pods Manifest.lock */,
				D1247A57261612FC00A33CD6 /* Sources */,
				D1247A58261612FC00A33CD6 /* Frameworks */,
				D1247A59261612FC00A33CD6 /* Resources */,
			);
			buildRules = (
			);
			dependencies = (
				D1247A5D261612FC00A33CD6 /* PBXTargetDependency */,
			);
			name = testInsertionsTests;
			productName = testInsertionsTests;
			productReference = D1247A5B261612FC00A33CD6 /* testInsertionsTests.xctest */;
			productType = "com.apple.product-type.bundle.unit-test";
		};
		D1247A65261612FC00A33CD6 /* testInsertionsUITests */ = {
			isa = PBXNativeTarget;
			buildConfigurationList = D1247A75261612FC00A33CD6 /* Build configuration list for PBXNativeTarget "testInsertionsUITests" */;
			buildPhases = (
				B0FC59FC65FAAC34F0B0CAE3 /* [CP] Check Pods Manifest.lock */,
				D1247A62261612FC00A33CD6 /* Sources */,
				D1247A63261612FC00A33CD6 /* Frameworks */,
				D1247A64261612FC00A33CD6 /* Resources */,
				E6B045400A67EAB2463675C9 /* [CP] Embed Pods Frameworks */,
			);
			buildRules = (
			);
			dependencies = (
				D1247A68261612FC00A33CD6 /* PBXTargetDependency */,
			);
			name = testInsertionsUITests;
			productName = testInsertionsUITests;
			productReference = D1247A66261612FC00A33CD6 /* testInsertionsUITests.xctest */;
			productType = "com.apple.product-type.bundle.ui-testing";
		};
/* End PBXNativeTarget section */

/* Begin PBXProject section */
		D1247A3A261612FB00A33CD6 /* Project object */ = {
			isa = PBXProject;
			attributes = {
				LastSwiftUpdateCheck = 1240;
				LastUpgradeCheck = 1240;
				TargetAttributes = {
					D1247A41261612FB00A33CD6 = {
						CreatedOnToolsVersion = 12.4;
					};
					D1247A5A261612FC00A33CD6 = {
						CreatedOnToolsVersion = 12.4;
						TestTargetID = D1247A41261612FB00A33CD6;
					};
					D1247A65261612FC00A33CD6 = {
						CreatedOnToolsVersion = 12.4;
						TestTargetID = D1247A41261612FB00A33CD6;
					};
				};
			};
			buildConfigurationList = D1247A3D261612FB00A33CD6 /* Build configuration list for PBXProject "testInsertions" */;
			compatibilityVersion = "Xcode 9.3";
			developmentRegion = en;
			hasScannedForEncodings = 0;
			knownRegions = (
				en,
				Base,
			);
			mainGroup = D1247A39261612FB00A33CD6;
			productRefGroup = D1247A43261612FB00A33CD6 /* Products */;
			projectDirPath = "";
			projectRoot = "";
			targets = (
				D1247A41261612FB00A33CD6 /* testInsertions */,
				D1247A5A261612FC00A33CD6 /* testInsertionsTests */,
				D1247A65261612FC00A33CD6 /* testInsertionsUITests */,
			);
		};
/* End PBXProject section */

/* Begin PBXResourcesBuildPhase section */
		D1247A40261612FB00A33CD6 /* Resources */ = {
			isa = PBXResourcesBuildPhase;
			buildActionMask = 2147483647;
			files = (
				D1B56C6B261C5BA300F50CED /* insertionsDBcipher4.sqlite in Resources */,
				D1247A55261612FC00A33CD6 /* LaunchScreen.storyboard in Resources */,
				D1247A52261612FC00A33CD6 /* Assets.xcassets in Resources */,
				D1247A4D261612FB00A33CD6 /* Main.storyboard in Resources */,
				D1247A8A261619EB00A33CD6 /* insertionsDB.sqlite in Resources */,
			);
			runOnlyForDeploymentPostprocessing = 0;
		};
		D1247A59261612FC00A33CD6 /* Resources */ = {
			isa = PBXResourcesBuildPhase;
			buildActionMask = 2147483647;
			files = (
			);
			runOnlyForDeploymentPostprocessing = 0;
		};
		D1247A64261612FC00A33CD6 /* Resources */ = {
			isa = PBXResourcesBuildPhase;
			buildActionMask = 2147483647;
			files = (
			);
			runOnlyForDeploymentPostprocessing = 0;
		};
/* End PBXResourcesBuildPhase section */

/* Begin PBXShellScriptBuildPhase section */
		09E1DAED11E3D2A5AB37C37B /* [CP] Check Pods Manifest.lock */ = {
			isa = PBXShellScriptBuildPhase;
			buildActionMask = 2147483647;
			files = (
			);
			inputFileListPaths = (
			);
			inputPaths = (
				"${PODS_PODFILE_DIR_PATH}/Podfile.lock",
				"${PODS_ROOT}/Manifest.lock",
			);
			name = "[CP] Check Pods Manifest.lock";
			outputFileListPaths = (
			);
			outputPaths = (
				"$(DERIVED_FILE_DIR)/Pods-testInsertionsTests-checkManifestLockResult.txt",
			);
			runOnlyForDeploymentPostprocessing = 0;
			shellPath = /bin/sh;
			shellScript = "diff \"${PODS_PODFILE_DIR_PATH}/Podfile.lock\" \"${PODS_ROOT}/Manifest.lock\" > /dev/null\nif [ $? != 0 ] ; then\n    # print error to STDERR\n    echo \"error: The sandbox is not in sync with the Podfile.lock. Run 'pod install' or update your CocoaPods installation.\" >&2\n    exit 1\nfi\n# This output is used by Xcode 'outputs' to avoid re-running this script phase.\necho \"SUCCESS\" > \"${SCRIPT_OUTPUT_FILE_0}\"\n";
			showEnvVarsInLog = 0;
		};
		1950373FE7F1F8B493A74443 /* [CP] Embed Pods Frameworks */ = {
			isa = PBXShellScriptBuildPhase;
			buildActionMask = 2147483647;
			files = (
			);
			inputFileListPaths = (
				"${PODS_ROOT}/Target Support Files/Pods-testInsertions/Pods-testInsertions-frameworks-${CONFIGURATION}-input-files.xcfilelist",
			);
			name = "[CP] Embed Pods Frameworks";
			outputFileListPaths = (
				"${PODS_ROOT}/Target Support Files/Pods-testInsertions/Pods-testInsertions-frameworks-${CONFIGURATION}-output-files.xcfilelist",
			);
			runOnlyForDeploymentPostprocessing = 0;
			shellPath = /bin/sh;
			shellScript = "\"${PODS_ROOT}/Target Support Files/Pods-testInsertions/Pods-testInsertions-frameworks.sh\"\n";
			showEnvVarsInLog = 0;
		};
		361218F498C0220BEFC2ECFD /* [CP] Check Pods Manifest.lock */ = {
			isa = PBXShellScriptBuildPhase;
			buildActionMask = 2147483647;
			files = (
			);
			inputFileListPaths = (
			);
			inputPaths = (
				"${PODS_PODFILE_DIR_PATH}/Podfile.lock",
				"${PODS_ROOT}/Manifest.lock",
			);
			name = "[CP] Check Pods Manifest.lock";
			outputFileListPaths = (
			);
			outputPaths = (
				"$(DERIVED_FILE_DIR)/Pods-testInsertions-checkManifestLockResult.txt",
			);
			runOnlyForDeploymentPostprocessing = 0;
			shellPath = /bin/sh;
			shellScript = "diff \"${PODS_PODFILE_DIR_PATH}/Podfile.lock\" \"${PODS_ROOT}/Manifest.lock\" > /dev/null\nif [ $? != 0 ] ; then\n    # print error to STDERR\n    echo \"error: The sandbox is not in sync with the Podfile.lock. Run 'pod install' or update your CocoaPods installation.\" >&2\n    exit 1\nfi\n# This output is used by Xcode 'outputs' to avoid re-running this script phase.\necho \"SUCCESS\" > \"${SCRIPT_OUTPUT_FILE_0}\"\n";
			showEnvVarsInLog = 0;
		};
		B0FC59FC65FAAC34F0B0CAE3 /* [CP] Check Pods Manifest.lock */ = {
			isa = PBXShellScriptBuildPhase;
			buildActionMask = 2147483647;
			files = (
			);
			inputFileListPaths = (
			);
			inputPaths = (
				"${PODS_PODFILE_DIR_PATH}/Podfile.lock",
				"${PODS_ROOT}/Manifest.lock",
			);
			name = "[CP] Check Pods Manifest.lock";
			outputFileListPaths = (
			);
			outputPaths = (
				"$(DERIVED_FILE_DIR)/Pods-testInsertions-testInsertionsUITests-checkManifestLockResult.txt",
			);
			runOnlyForDeploymentPostprocessing = 0;
			shellPath = /bin/sh;
			shellScript = "diff \"${PODS_PODFILE_DIR_PATH}/Podfile.lock\" \"${PODS_ROOT}/Manifest.lock\" > /dev/null\nif [ $? != 0 ] ; then\n    # print error to STDERR\n    echo \"error: The sandbox is not in sync with the Podfile.lock. Run 'pod install' or update your CocoaPods installation.\" >&2\n    exit 1\nfi\n# This output is used by Xcode 'outputs' to avoid re-running this script phase.\necho \"SUCCESS\" > \"${SCRIPT_OUTPUT_FILE_0}\"\n";
			showEnvVarsInLog = 0;
		};
		E6B045400A67EAB2463675C9 /* [CP] Embed Pods Frameworks */ = {
			isa = PBXShellScriptBuildPhase;
			buildActionMask = 2147483647;
			files = (
			);
			inputFileListPaths = (
				"${PODS_ROOT}/Target Support Files/Pods-testInsertions-testInsertionsUITests/Pods-testInsertions-testInsertionsUITests-frameworks-${CONFIGURATION}-input-files.xcfilelist",
			);
			name = "[CP] Embed Pods Frameworks";
			outputFileListPaths = (
				"${PODS_ROOT}/Target Support Files/Pods-testInsertions-testInsertionsUITests/Pods-testInsertions-testInsertionsUITests-frameworks-${CONFIGURATION}-output-files.xcfilelist",
			);
			runOnlyForDeploymentPostprocessing = 0;
			shellPath = /bin/sh;
			shellScript = "\"${PODS_ROOT}/Target Support Files/Pods-testInsertions-testInsertionsUITests/Pods-testInsertions-testInsertionsUITests-frameworks.sh\"\n";
			showEnvVarsInLog = 0;
		};
/* End PBXShellScriptBuildPhase section */

/* Begin PBXSourcesBuildPhase section */
		D1247A3E261612FB00A33CD6 /* Sources */ = {
			isa = PBXSourcesBuildPhase;
			buildActionMask = 2147483647;
			files = (
				D1247A4A261612FB00A33CD6 /* ViewController.swift in Sources */,
				D1247A46261612FB00A33CD6 /* AppDelegate.swift in Sources */,
				D1247A48261612FB00A33CD6 /* SceneDelegate.swift in Sources */,
			);
			runOnlyForDeploymentPostprocessing = 0;
		};
		D1247A57261612FC00A33CD6 /* Sources */ = {
			isa = PBXSourcesBuildPhase;
			buildActionMask = 2147483647;
			files = (
				D1247A60261612FC00A33CD6 /* testInsertionsTests.swift in Sources */,
			);
			runOnlyForDeploymentPostprocessing = 0;
		};
		D1247A62261612FC00A33CD6 /* Sources */ = {
			isa = PBXSourcesBuildPhase;
			buildActionMask = 2147483647;
			files = (
				D1247A6B261612FC00A33CD6 /* testInsertionsUITests.swift in Sources */,
			);
			runOnlyForDeploymentPostprocessing = 0;
		};
/* End PBXSourcesBuildPhase section */

/* Begin PBXTargetDependency section */
		D1247A5D261612FC00A33CD6 /* PBXTargetDependency */ = {
			isa = PBXTargetDependency;
			target = D1247A41261612FB00A33CD6 /* testInsertions */;
			targetProxy = D1247A5C261612FC00A33CD6 /* PBXContainerItemProxy */;
		};
		D1247A68261612FC00A33CD6 /* PBXTargetDependency */ = {
			isa = PBXTargetDependency;
			target = D1247A41261612FB00A33CD6 /* testInsertions */;
			targetProxy = D1247A67261612FC00A33CD6 /* PBXContainerItemProxy */;
		};
/* End PBXTargetDependency section */

/* Begin PBXVariantGroup section */
		D1247A4B261612FB00A33CD6 /* Main.storyboard */ = {
			isa = PBXVariantGroup;
			children = (
				D1247A4C261612FB00A33CD6 /* Base */,
			);
			name = Main.storyboard;
			sourceTree = "<group>";
		};
		D1247A53261612FC00A33CD6 /* LaunchScreen.storyboard */ = {
			isa = PBXVariantGroup;
			children = (
				D1247A54261612FC00A33CD6 /* Base */,
			);
			name = LaunchScreen.storyboard;
			sourceTree = "<group>";
		};
/* End PBXVariantGroup section */

/* Begin XCBuildConfiguration section */
		D1247A6D261612FC00A33CD6 /* Debug */ = {
			isa = XCBuildConfiguration;
			buildSettings = {
				ALWAYS_SEARCH_USER_PATHS = NO;
				CLANG_ANALYZER_NONNULL = YES;
				CLANG_ANALYZER_NUMBER_OBJECT_CONVERSION = YES_AGGRESSIVE;
				CLANG_CXX_LANGUAGE_STANDARD = "gnu++14";
				CLANG_CXX_LIBRARY = "libc++";
				CLANG_ENABLE_MODULES = YES;
				CLANG_ENABLE_OBJC_ARC = YES;
				CLANG_ENABLE_OBJC_WEAK = YES;
				CLANG_WARN_BLOCK_CAPTURE_AUTORELEASING = YES;
				CLANG_WARN_BOOL_CONVERSION = YES;
				CLANG_WARN_COMMA = YES;
				CLANG_WARN_CONSTANT_CONVERSION = YES;
				CLANG_WARN_DEPRECATED_OBJC_IMPLEMENTATIONS = YES;
				CLANG_WARN_DIRECT_OBJC_ISA_USAGE = YES_ERROR;
				CLANG_WARN_DOCUMENTATION_COMMENTS = YES;
				CLANG_WARN_EMPTY_BODY = YES;
				CLANG_WARN_ENUM_CONVERSION = YES;
				CLANG_WARN_INFINITE_RECURSION = YES;
				CLANG_WARN_INT_CONVERSION = YES;
				CLANG_WARN_NON_LITERAL_NULL_CONVERSION = YES;
				CLANG_WARN_OBJC_IMPLICIT_RETAIN_SELF = YES;
				CLANG_WARN_OBJC_LITERAL_CONVERSION = YES;
				CLANG_WARN_OBJC_ROOT_CLASS = YES_ERROR;
				CLANG_WARN_QUOTED_INCLUDE_IN_FRAMEWORK_HEADER = YES;
				CLANG_WARN_RANGE_LOOP_ANALYSIS = YES;
				CLANG_WARN_STRICT_PROTOTYPES = YES;
				CLANG_WARN_SUSPICIOUS_MOVE = YES;
				CLANG_WARN_UNGUARDED_AVAILABILITY = YES_AGGRESSIVE;
				CLANG_WARN_UNREACHABLE_CODE = YES;
				CLANG_WARN__DUPLICATE_METHOD_MATCH = YES;
				COPY_PHASE_STRIP = NO;
				DEBUG_INFORMATION_FORMAT = dwarf;
				ENABLE_STRICT_OBJC_MSGSEND = YES;
				ENABLE_TESTABILITY = YES;
				GCC_C_LANGUAGE_STANDARD = gnu11;
				GCC_DYNAMIC_NO_PIC = NO;
				GCC_NO_COMMON_BLOCKS = YES;
				GCC_OPTIMIZATION_LEVEL = 0;
				GCC_PREPROCESSOR_DEFINITIONS = (
					"DEBUG=1",
					"$(inherited)",
				);
				GCC_WARN_64_TO_32_BIT_CONVERSION = YES;
				GCC_WARN_ABOUT_RETURN_TYPE = YES_ERROR;
				GCC_WARN_UNDECLARED_SELECTOR = YES;
				GCC_WARN_UNINITIALIZED_AUTOS = YES_AGGRESSIVE;
				GCC_WARN_UNUSED_FUNCTION = YES;
				GCC_WARN_UNUSED_VARIABLE = YES;
				IPHONEOS_DEPLOYMENT_TARGET = 14.4;
				MTL_ENABLE_DEBUG_INFO = INCLUDE_SOURCE;
				MTL_FAST_MATH = YES;
				ONLY_ACTIVE_ARCH = YES;
				SDKROOT = iphoneos;
				SWIFT_ACTIVE_COMPILATION_CONDITIONS = DEBUG;
				SWIFT_OPTIMIZATION_LEVEL = "-Onone";
			};
			name = Debug;
		};
		D1247A6E261612FC00A33CD6 /* Release */ = {
			isa = XCBuildConfiguration;
			buildSettings = {
				ALWAYS_SEARCH_USER_PATHS = NO;
				CLANG_ANALYZER_NONNULL = YES;
				CLANG_ANALYZER_NUMBER_OBJECT_CONVERSION = YES_AGGRESSIVE;
				CLANG_CXX_LANGUAGE_STANDARD = "gnu++14";
				CLANG_CXX_LIBRARY = "libc++";
				CLANG_ENABLE_MODULES = YES;
				CLANG_ENABLE_OBJC_ARC = YES;
				CLANG_ENABLE_OBJC_WEAK = YES;
				CLANG_WARN_BLOCK_CAPTURE_AUTORELEASING = YES;
				CLANG_WARN_BOOL_CONVERSION = YES;
				CLANG_WARN_COMMA = YES;
				CLANG_WARN_CONSTANT_CONVERSION = YES;
				CLANG_WARN_DEPRECATED_OBJC_IMPLEMENTATIONS = YES;
				CLANG_WARN_DIRECT_OBJC_ISA_USAGE = YES_ERROR;
				CLANG_WARN_DOCUMENTATION_COMMENTS = YES;
				CLANG_WARN_EMPTY_BODY = YES;
				CLANG_WARN_ENUM_CONVERSION = YES;
				CLANG_WARN_INFINITE_RECURSION = YES;
				CLANG_WARN_INT_CONVERSION = YES;
				CLANG_WARN_NON_LITERAL_NULL_CONVERSION = YES;
				CLANG_WARN_OBJC_IMPLICIT_RETAIN_SELF = YES;
				CLANG_WARN_OBJC_LITERAL_CONVERSION = YES;
				CLANG_WARN_OBJC_ROOT_CLASS = YES_ERROR;
				CLANG_WARN_QUOTED_INCLUDE_IN_FRAMEWORK_HEADER = YES;
				CLANG_WARN_RANGE_LOOP_ANALYSIS = YES;
				CLANG_WARN_STRICT_PROTOTYPES = YES;
				CLANG_WARN_SUSPICIOUS_MOVE = YES;
				CLANG_WARN_UNGUARDED_AVAILABILITY = YES_AGGRESSIVE;
				CLANG_WARN_UNREACHABLE_CODE = YES;
				CLANG_WARN__DUPLICATE_METHOD_MATCH = YES;
				COPY_PHASE_STRIP = NO;
				DEBUG_INFORMATION_FORMAT = "dwarf-with-dsym";
				ENABLE_NS_ASSERTIONS = NO;
				ENABLE_STRICT_OBJC_MSGSEND = YES;
				GCC_C_LANGUAGE_STANDARD = gnu11;
				GCC_NO_COMMON_BLOCKS = YES;
				GCC_WARN_64_TO_32_BIT_CONVERSION = YES;
				GCC_WARN_ABOUT_RETURN_TYPE = YES_ERROR;
				GCC_WARN_UNDECLARED_SELECTOR = YES;
				GCC_WARN_UNINITIALIZED_AUTOS = YES_AGGRESSIVE;
				GCC_WARN_UNUSED_FUNCTION = YES;
				GCC_WARN_UNUSED_VARIABLE = YES;
				IPHONEOS_DEPLOYMENT_TARGET = 14.4;
				MTL_ENABLE_DEBUG_INFO = NO;
				MTL_FAST_MATH = YES;
				SDKROOT = iphoneos;
				SWIFT_COMPILATION_MODE = wholemodule;
				SWIFT_OPTIMIZATION_LEVEL = "-O";
				VALIDATE_PRODUCT = YES;
			};
			name = Release;
		};
		D1247A70261612FC00A33CD6 /* Debug */ = {
			isa = XCBuildConfiguration;
			baseConfigurationReference = 2C417113D5545D0A2A193FA6 /* Pods-testInsertions.debug.xcconfig */;
			buildSettings = {
				ASSETCATALOG_COMPILER_APPICON_NAME = AppIcon;
				ASSETCATALOG_COMPILER_GLOBAL_ACCENT_COLOR_NAME = AccentColor;
				CODE_SIGN_STYLE = Automatic;
				DEVELOPMENT_TEAM = "";
				INFOPLIST_FILE = testInsertions/Info.plist;
				LD_RUNPATH_SEARCH_PATHS = (
					"$(inherited)",
					"@executable_path/Frameworks",
				);
				PRODUCT_BUNDLE_IDENTIFIER = com.crabman.testInsertions;
				PRODUCT_NAME = "$(TARGET_NAME)";
				SWIFT_VERSION = 5.0;
				TARGETED_DEVICE_FAMILY = "1,2";
			};
			name = Debug;
		};
		D1247A71261612FC00A33CD6 /* Release */ = {
			isa = XCBuildConfiguration;
			baseConfigurationReference = 54C7F05A16CA547B1BF2A377 /* Pods-testInsertions.release.xcconfig */;
			buildSettings = {
				ASSETCATALOG_COMPILER_APPICON_NAME = AppIcon;
				ASSETCATALOG_COMPILER_GLOBAL_ACCENT_COLOR_NAME = AccentColor;
				CODE_SIGN_STYLE = Automatic;
				DEVELOPMENT_TEAM = "";
				INFOPLIST_FILE = testInsertions/Info.plist;
				LD_RUNPATH_SEARCH_PATHS = (
					"$(inherited)",
					"@executable_path/Frameworks",
				);
				PRODUCT_BUNDLE_IDENTIFIER = com.crabman.testInsertions;
				PRODUCT_NAME = "$(TARGET_NAME)";
				SWIFT_VERSION = 5.0;
				TARGETED_DEVICE_FAMILY = "1,2";
			};
			name = Release;
		};
		D1247A73261612FC00A33CD6 /* Debug */ = {
			isa = XCBuildConfiguration;
			baseConfigurationReference = EAF2226DABEB7C8072601811 /* Pods-testInsertionsTests.debug.xcconfig */;
			buildSettings = {
				ALWAYS_EMBED_SWIFT_STANDARD_LIBRARIES = YES;
				BUNDLE_LOADER = "$(TEST_HOST)";
				CODE_SIGN_STYLE = Automatic;
				DEVELOPMENT_TEAM = 89253CPS24;
				INFOPLIST_FILE = testInsertionsTests/Info.plist;
				IPHONEOS_DEPLOYMENT_TARGET = 14.4;
				LD_RUNPATH_SEARCH_PATHS = (
					"$(inherited)",
					"@executable_path/Frameworks",
					"@loader_path/Frameworks",
				);
				PRODUCT_BUNDLE_IDENTIFIER = com.imaios.testInsertionsTests;
				PRODUCT_NAME = "$(TARGET_NAME)";
				SWIFT_VERSION = 5.0;
				TARGETED_DEVICE_FAMILY = "1,2";
				TEST_HOST = "$(BUILT_PRODUCTS_DIR)/testInsertions.app/testInsertions";
			};
			name = Debug;
		};
		D1247A74261612FC00A33CD6 /* Release */ = {
			isa = XCBuildConfiguration;
			baseConfigurationReference = 7AF935495FD9CFC871A2CB54 /* Pods-testInsertionsTests.release.xcconfig */;
			buildSettings = {
				ALWAYS_EMBED_SWIFT_STANDARD_LIBRARIES = YES;
				BUNDLE_LOADER = "$(TEST_HOST)";
				CODE_SIGN_STYLE = Automatic;
				DEVELOPMENT_TEAM = 89253CPS24;
				INFOPLIST_FILE = testInsertionsTests/Info.plist;
				IPHONEOS_DEPLOYMENT_TARGET = 14.4;
				LD_RUNPATH_SEARCH_PATHS = (
					"$(inherited)",
					"@executable_path/Frameworks",
					"@loader_path/Frameworks",
				);
				PRODUCT_BUNDLE_IDENTIFIER = com.imaios.testInsertionsTests;
				PRODUCT_NAME = "$(TARGET_NAME)";
				SWIFT_VERSION = 5.0;
				TARGETED_DEVICE_FAMILY = "1,2";
				TEST_HOST = "$(BUILT_PRODUCTS_DIR)/testInsertions.app/testInsertions";
			};
			name = Release;
		};
		D1247A76261612FC00A33CD6 /* Debug */ = {
			isa = XCBuildConfiguration;
			baseConfigurationReference = 21AE210597EFFDB24EA7DA77 /* Pods-testInsertions-testInsertionsUITests.debug.xcconfig */;
			buildSettings = {
				ALWAYS_EMBED_SWIFT_STANDARD_LIBRARIES = YES;
				CODE_SIGN_STYLE = Automatic;
				DEVELOPMENT_TEAM = 89253CPS24;
				INFOPLIST_FILE = testInsertionsUITests/Info.plist;
				LD_RUNPATH_SEARCH_PATHS = (
					"$(inherited)",
					"@executable_path/Frameworks",
					"@loader_path/Frameworks",
				);
				PRODUCT_BUNDLE_IDENTIFIER = com.imaios.testInsertionsUITests;
				PRODUCT_NAME = "$(TARGET_NAME)";
				SWIFT_VERSION = 5.0;
				TARGETED_DEVICE_FAMILY = "1,2";
				TEST_TARGET_NAME = testInsertions;
			};
			name = Debug;
		};
		D1247A77261612FC00A33CD6 /* Release */ = {
			isa = XCBuildConfiguration;
			baseConfigurationReference = 67E3FAEADB75D44F02F735DD /* Pods-testInsertions-testInsertionsUITests.release.xcconfig */;
			buildSettings = {
				ALWAYS_EMBED_SWIFT_STANDARD_LIBRARIES = YES;
				CODE_SIGN_STYLE = Automatic;
				DEVELOPMENT_TEAM = 89253CPS24;
				INFOPLIST_FILE = testInsertionsUITests/Info.plist;
				LD_RUNPATH_SEARCH_PATHS = (
					"$(inherited)",
					"@executable_path/Frameworks",
					"@loader_path/Frameworks",
				);
				PRODUCT_BUNDLE_IDENTIFIER = com.imaios.testInsertionsUITests;
				PRODUCT_NAME = "$(TARGET_NAME)";
				SWIFT_VERSION = 5.0;
				TARGETED_DEVICE_FAMILY = "1,2";
				TEST_TARGET_NAME = testInsertions;
			};
			name = Release;
		};
/* End XCBuildConfiguration section */

/* Begin XCConfigurationList section */
		D1247A3D261612FB00A33CD6 /* Build configuration list for PBXProject "testInsertions" */ = {
			isa = XCConfigurationList;
			buildConfigurations = (
				D1247A6D261612FC00A33CD6 /* Debug */,
				D1247A6E261612FC00A33CD6 /* Release */,
			);
			defaultConfigurationIsVisible = 0;
			defaultConfigurationName = Release;
		};
		D1247A6F261612FC00A33CD6 /* Build configuration list for PBXNativeTarget "testInsertions" */ = {
			isa = XCConfigurationList;
			buildConfigurations = (
				D1247A70261612FC00A33CD6 /* Debug */,
				D1247A71261612FC00A33CD6 /* Release */,
			);
			defaultConfigurationIsVisible = 0;
			defaultConfigurationName = Release;
		};
		D1247A72261612FC00A33CD6 /* Build configuration list for PBXNativeTarget "testInsertionsTests" */ = {
			isa = XCConfigurationList;
			buildConfigurations = (
				D1247A73261612FC00A33CD6 /* Debug */,
				D1247A74261612FC00A33CD6 /* Release */,
			);
			defaultConfigurationIsVisible = 0;
			defaultConfigurationName = Release;
		};
		D1247A75261612FC00A33CD6 /* Build configuration list for PBXNativeTarget "testInsertionsUITests" */ = {
			isa = XCConfigurationList;
			buildConfigurations = (
				D1247A76261612FC00A33CD6 /* Debug */,
				D1247A77261612FC00A33CD6 /* Release */,
			);
			defaultConfigurationIsVisible = 0;
			defaultConfigurationName = Release;
		};
/* End XCConfigurationList section */
	};
	rootObject = D1247A3A261612FB00A33CD6 /* Project object */;
}
